
Microsoft Visual Studio Solution File, Format Version 12.00
# Visual Studio Version 17
VisualStudioVersion = 17.5.33627.172
MinimumVisualStudioVersion = 10.0.40219.1
Project("{FAE04EC0-301F-11D3-BF4B-00C04F79EFBC}") = "PicsApp.Android", "PicsApp\PicsApp.Android\PicsApp.Android.csproj", "{9B968F6D-0513-4626-97BB-1A1AA7DCAB88}"
EndProject
Project("{FAE04EC0-301F-11D3-BF4B-00C04F79EFBC}") = "PicsApp", "PicsApp\PicsApp\PicsApp.csproj", "{CFF27B93-DE26-4E72-B8D5-2768C1FF6147}"
EndProject
Global
	GlobalSection(SolutionConfigurationPlatforms) = preSolution
		Debug|Any CPU = Debug|Any CPU
		Release|Any CPU = Release|Any CPU
	EndGlobalSection
	GlobalSection(ProjectConfigurationPlatforms) = postSolution
		{9B968F6D-0513-4626-97BB-1A1AA7DCAB88}.Debug|Any CPU.ActiveCfg = Debug|Any CPU
		{9B968F6D-0513-4626-97BB-1A1AA7DCAB88}.Debug|Any CPU.Build.0 = Debug|Any CPU
		{9B968F6D-0513-4626-97BB-1A1AA7DCAB88}.Debug|Any CPU.Deploy.0 = Debug|Any CPU
		{9B968F6D-0513-4626-97BB-1A1AA7DCAB88}.Release|Any CPU.ActiveCfg = Release|Any CPU
		{9B968F6D-0513-4626-97BB-1A1AA7DCAB88}.Release|Any CPU.Build.0 = Release|Any CPU
		{9B968F6D-0513-4626-97BB-1A1AA7DCAB88}.Release|Any CPU.Deploy.0 = Release|Any CPU
		{CFF27B93-DE26-4E72-B8D5-2768C1FF6147}.Debug|Any CPU.ActiveCfg = Debug|Any CPU
		{CFF27B93-DE26-4E72-B8D5-2768C1FF6147}.Debug|Any CPU.Build.0 = Debug|Any CPU
		{CFF27B93-DE26-4E72-B8D5-2768C1FF6147}.Debug|Any CPU.Deploy.0 = Debug|Any CPU
		{CFF27B93-DE26-4E72-B8D5-2768C1FF6147}.Release|Any CPU.ActiveCfg = Release|Any CPU
		{CFF27B93-DE26-4E72-B8D5-2768C1FF6147}.Release|Any CPU.Build.0 = Release|Any CPU
		{CFF27B93-DE26-4E72-B8D5-2768C1FF6147}.Release|Any CPU.Deploy.0 = Release|Any CPU
	EndGlobalSection
	GlobalSection(SolutionProperties) = preSolution
		HideSolutionNode = FALSE
	EndGlobalSection
	GlobalSection(ExtensibilityGlobals) = postSolution
		SolutionGuid = {A905A8D6-EE42-4751-A6E8-9C38F7EAB1EC}
	EndGlobalSection
EndGlobal
